# THIS IS AN AUTOGENERATED FILE. DO NOT EDIT THIS FILE DIRECTLY.
# yarn lockfile v1


"@babel/helper-string-parser@^7.25.9":
  version "7.25.9"
  resolved "https://registry.yarnpkg.com/@babel/helper-string-parser/-/helper-string-parser-7.25.9.tgz#1aabb72ee72ed35789b4bbcad3ca2862ce614e8c"
  integrity sha512-4A/SCr/2KLd5jrtOMFzaKjVtAei3+2r/NChoBNoZ3EyP/+GlhoaEGoWOZUmFmoITP7zOJyHIMm+DYRd8o3PvHA==

"@babel/helper-validator-identifier@^7.25.9":
  version "7.25.9"
  resolved "https://registry.yarnpkg.com/@babel/helper-validator-identifier/-/helper-validator-identifier-7.25.9.tgz#24b64e2c3ec7cd3b3c547729b8d16871f22cbdc7"
  integrity sha512-Ed61U6XJc3CVRfkERJWDz4dJwKe7iLmmJsbOGu9wSloNSFttHV0I8g6UAgb7qnK5ly5bGLPd4oXZlxCdANBOWQ==

"@babel/parser@^7.25.3":
  version "7.26.2"
  resolved "https://registry.yarnpkg.com/@babel/parser/-/parser-7.26.2.tgz#fd7b6f487cfea09889557ef5d4eeb9ff9a5abd11"
  integrity sha512-DWMCZH9WA4Maitz2q21SRKHo9QXZxkDsbNZoVD62gusNtNBBqDg9i7uOhASfTfIGNzW+O+r7+jAlM8dwphcJKQ==
  dependencies:
    "@babel/types" "^7.26.0"

"@babel/types@^7.26.0":
  version "7.26.0"
  resolved "https://registry.yarnpkg.com/@babel/types/-/types-7.26.0.tgz#deabd08d6b753bc8e0f198f8709fb575e31774ff"
  integrity sha512-Z/yiTPj+lDVnF7lWeKCIJzaIkI0vYO87dMpZ4bg4TDrFe4XXLFWL1TbXU27gBP3QccxV9mZICCrnjnYlJjXHOA==
  dependencies:
    "@babel/helper-string-parser" "^7.25.9"
    "@babel/helper-validator-identifier" "^7.25.9"

"@bufbuild/protobuf@^2.0.0":
  version "2.2.2"
  resolved "https://registry.yarnpkg.com/@bufbuild/protobuf/-/protobuf-2.2.2.tgz#1a6d89603fb215dc4d4178052d05b30b83c75402"
  integrity sha512-UNtPCbrwrenpmrXuRwn9jYpPoweNXj8X5sMvYgsqYyaH8jQ6LfUJSk3dJLnBK+6sfYPrF4iAIo5sd5HQ+tg75A==

"@jridgewell/gen-mapping@^0.3.5":
  version "0.3.5"
  resolved "https://registry.yarnpkg.com/@jridgewell/gen-mapping/-/gen-mapping-0.3.5.tgz#dcce6aff74bdf6dad1a95802b69b04a2fcb1fb36"
  integrity sha512-IzL8ZoEDIBRWEzlCcRhOaCupYyN5gdIK+Q6fbFdPDg6HqX6jpkItn7DFIpW9LQzXG6Df9sA7+OKnq0qlz/GaQg==
  dependencies:
    "@jridgewell/set-array" "^1.2.1"
    "@jridgewell/sourcemap-codec" "^1.4.10"
    "@jridgewell/trace-mapping" "^0.3.24"

"@jridgewell/resolve-uri@^3.1.0":
  version "3.1.2"
  resolved "https://registry.yarnpkg.com/@jridgewell/resolve-uri/-/resolve-uri-3.1.2.tgz#7a0ee601f60f99a20c7c7c5ff0c80388c1189bd6"
  integrity sha512-bRISgCIjP20/tbWSPWMEi54QVPRZExkuD9lJL+UIxUKtwVJA8wW1Trb1jMs1RFXo1CBTNZ/5hpC9QvmKWdopKw==

"@jridgewell/set-array@^1.2.1":
  version "1.2.1"
  resolved "https://registry.yarnpkg.com/@jridgewell/set-array/-/set-array-1.2.1.tgz#558fb6472ed16a4c850b889530e6b36438c49280"
  integrity sha512-R8gLRTZeyp03ymzP/6Lil/28tGeGEzhx1q2k703KGWRAI1VdvPIXdG70VJc2pAMw3NA6JKL5hhFu1sJX0Mnn/A==

"@jridgewell/source-map@^0.3.3":
  version "0.3.6"
  resolved "https://registry.yarnpkg.com/@jridgewell/source-map/-/source-map-0.3.6.tgz#9d71ca886e32502eb9362c9a74a46787c36df81a"
  integrity sha512-1ZJTZebgqllO79ue2bm3rIGud/bOe0pP5BjSRCRxxYkEZS8STV7zN84UBbiYu7jy+eCKSnVIUgoWWE/tt+shMQ==
  dependencies:
    "@jridgewell/gen-mapping" "^0.3.5"
    "@jridgewell/trace-mapping" "^0.3.25"

"@jridgewell/sourcemap-codec@^1.4.10", "@jridgewell/sourcemap-codec@^1.4.14", "@jridgewell/sourcemap-codec@^1.5.0":
  version "1.5.0"
  resolved "https://registry.yarnpkg.com/@jridgewell/sourcemap-codec/-/sourcemap-codec-1.5.0.tgz#3188bcb273a414b0d215fd22a58540b989b9409a"
  integrity sha512-gv3ZRaISU3fjPAgNsriBRqGWQL6quFx04YMPW/zD8XMLsU32mhCCbfbO6KZFLjvYpCZ8zyDEgqsgf+PwPaM7GQ==

"@jridgewell/trace-mapping@^0.3.24", "@jridgewell/trace-mapping@^0.3.25":
  version "0.3.25"
  resolved "https://registry.yarnpkg.com/@jridgewell/trace-mapping/-/trace-mapping-0.3.25.tgz#15f190e98895f3fc23276ee14bc76b675c2e50f0"
  integrity sha512-vNk6aEwybGtawWmy/PzwnGDOjCkLWSD2wqvjGGAgOAwCGWySYXfYoxt00IJkTF+8Lb57DwOb3Aa0o9CApepiYQ==
  dependencies:
    "@jridgewell/resolve-uri" "^3.1.0"
    "@jridgewell/sourcemap-codec" "^1.4.14"

"@module-federation/runtime-tools@0.5.1":
  version "0.5.1"
  resolved "https://registry.yarnpkg.com/@module-federation/runtime-tools/-/runtime-tools-0.5.1.tgz#1b1f93837159a6bf0c0ba78730d589a5a8f74aa3"
  integrity sha512-nfBedkoZ3/SWyO0hnmaxuz0R0iGPSikHZOAZ0N/dVSQaIzlffUo35B5nlC2wgWIc0JdMZfkwkjZRrnuuDIJbzg==
  dependencies:
    "@module-federation/runtime" "0.5.1"
    "@module-federation/webpack-bundler-runtime" "0.5.1"

"@module-federation/runtime@0.5.1":
  version "0.5.1"
  resolved "https://registry.yarnpkg.com/@module-federation/runtime/-/runtime-0.5.1.tgz#b548a75e2068952ff66ad717cbf73fc921edd5d7"
  integrity sha512-xgiMUWwGLWDrvZc9JibuEbXIbhXg6z2oUkemogSvQ4LKvrl/n0kbqP1Blk669mXzyWbqtSp6PpvNdwaE1aN5xQ==
  dependencies:
    "@module-federation/sdk" "0.5.1"

"@module-federation/sdk@0.5.1":
  version "0.5.1"
  resolved "https://registry.yarnpkg.com/@module-federation/sdk/-/sdk-0.5.1.tgz#6c0a4053c23fa84db7aae7e4736496c541de7191"
  integrity sha512-exvchtjNURJJkpqjQ3/opdbfeT2wPKvrbnGnyRkrwW5o3FH1LaST1tkiNviT6OXTexGaVc2DahbdniQHVtQ7pA==

"@module-federation/webpack-bundler-runtime@0.5.1":
  version "0.5.1"
  resolved "https://registry.yarnpkg.com/@module-federation/webpack-bundler-runtime/-/webpack-bundler-runtime-0.5.1.tgz#ef626af0d57e3568c474d66d7d3797366e09cafd"
  integrity sha512-mMhRFH0k2VjwHt3Jol9JkUsmI/4XlrAoBG3E0o7HoyoPYv1UFOWyqAflfANcUPgbYpvqmyLzDcO+3IT36LXnrA==
  dependencies:
    "@module-federation/runtime" "0.5.1"
    "@module-federation/sdk" "0.5.1"

"@rollup/plugin-terser@^0.4.4":
  version "0.4.4"
  resolved "https://registry.yarnpkg.com/@rollup/plugin-terser/-/plugin-terser-0.4.4.tgz#15dffdb3f73f121aa4fbb37e7ca6be9aeea91962"
  integrity sha512-XHeJC5Bgvs8LfukDwWZp7yeqin6ns8RTl2B9avbejt6tZqsqvVoWI7ZTQrcNsfKEDWBTnTxM8nMDkO2IFFbd0A==
  dependencies:
    serialize-javascript "^6.0.1"
    smob "^1.0.0"
    terser "^5.17.4"

"@rollup/pluginutils@^4.1.2":
  version "4.2.1"
  resolved "https://registry.yarnpkg.com/@rollup/pluginutils/-/pluginutils-4.2.1.tgz#e6c6c3aba0744edce3fb2074922d3776c0af2a6d"
  integrity sha512-iKnFXr7NkdZAIHiIWE+BX5ULi/ucVFYWD6TbAV+rZctiRTY2PL6tsIKhoIOaoskiWAkgu+VsbXgUVDNLHf+InQ==
  dependencies:
    estree-walker "^2.0.1"
    picomatch "^2.2.2"

"@rollup/rollup-android-arm-eabi@4.24.3":
  version "4.24.3"
  resolved "https://registry.yarnpkg.com/@rollup/rollup-android-arm-eabi/-/rollup-android-arm-eabi-4.24.3.tgz#49a2a9808074f2683667992aa94b288e0b54fc82"
  integrity sha512-ufb2CH2KfBWPJok95frEZZ82LtDl0A6QKTa8MoM+cWwDZvVGl5/jNb79pIhRvAalUu+7LD91VYR0nwRD799HkQ==

"@rollup/rollup-android-arm64@4.24.3":
  version "4.24.3"
  resolved "https://registry.yarnpkg.com/@rollup/rollup-android-arm64/-/rollup-android-arm64-4.24.3.tgz#197e3bc01c228d3c23591e0fcedca91f8f398ec1"
  integrity sha512-iAHpft/eQk9vkWIV5t22V77d90CRofgR2006UiCjHcHJFVI1E0oBkQIAbz+pLtthFw3hWEmVB4ilxGyBf48i2Q==

"@rollup/rollup-darwin-arm64@4.24.3":
  version "4.24.3"
  resolved "https://registry.yarnpkg.com/@rollup/rollup-darwin-arm64/-/rollup-darwin-arm64-4.24.3.tgz#16772c0309d0dc3cca716580cdac7a1c560ddf46"
  integrity sha512-QPW2YmkWLlvqmOa2OwrfqLJqkHm7kJCIMq9kOz40Zo9Ipi40kf9ONG5Sz76zszrmIZZ4hgRIkez69YnTHgEz1w==

"@rollup/rollup-darwin-x64@4.24.3":
  version "4.24.3"
  resolved "https://registry.yarnpkg.com/@rollup/rollup-darwin-x64/-/rollup-darwin-x64-4.24.3.tgz#4e98120a1c4cda7d4043ccce72347cee53784140"
  integrity sha512-KO0pN5x3+uZm1ZXeIfDqwcvnQ9UEGN8JX5ufhmgH5Lz4ujjZMAnxQygZAVGemFWn+ZZC0FQopruV4lqmGMshow==

"@rollup/rollup-freebsd-arm64@4.24.3":
  version "4.24.3"
  resolved "https://registry.yarnpkg.com/@rollup/rollup-freebsd-arm64/-/rollup-freebsd-arm64-4.24.3.tgz#27145e414986e216e0d9b9a8d488028f33c39566"
  integrity sha512-CsC+ZdIiZCZbBI+aRlWpYJMSWvVssPuWqrDy/zi9YfnatKKSLFCe6fjna1grHuo/nVaHG+kiglpRhyBQYRTK4A==

"@rollup/rollup-freebsd-x64@4.24.3":
  version "4.24.3"
  resolved "https://registry.yarnpkg.com/@rollup/rollup-freebsd-x64/-/rollup-freebsd-x64-4.24.3.tgz#67e75fd87a903090f038b212273c492e5ca6b32f"
  integrity sha512-F0nqiLThcfKvRQhZEzMIXOQG4EeX61im61VYL1jo4eBxv4aZRmpin6crnBJQ/nWnCsjH5F6J3W6Stdm0mBNqBg==

"@rollup/rollup-linux-arm-gnueabihf@4.24.3":
  version "4.24.3"
  resolved "https://registry.yarnpkg.com/@rollup/rollup-linux-arm-gnueabihf/-/rollup-linux-arm-gnueabihf-4.24.3.tgz#bb45ebadbb9496298ab5461373bde357e8f33e88"
  integrity sha512-KRSFHyE/RdxQ1CSeOIBVIAxStFC/hnBgVcaiCkQaVC+EYDtTe4X7z5tBkFyRoBgUGtB6Xg6t9t2kulnX6wJc6A==

"@rollup/rollup-linux-arm-musleabihf@4.24.3":
  version "4.24.3"
  resolved "https://registry.yarnpkg.com/@rollup/rollup-linux-arm-musleabihf/-/rollup-linux-arm-musleabihf-4.24.3.tgz#384276c23feb0a4d6ffa603a9a760decce8b4118"
  integrity sha512-h6Q8MT+e05zP5BxEKz0vi0DhthLdrNEnspdLzkoFqGwnmOzakEHSlXfVyA4HJ322QtFy7biUAVFPvIDEDQa6rw==

"@rollup/rollup-linux-arm64-gnu@4.24.3":
  version "4.24.3"
  resolved "https://registry.yarnpkg.com/@rollup/rollup-linux-arm64-gnu/-/rollup-linux-arm64-gnu-4.24.3.tgz#89e5a4570ddd9eca908324a6de60bd64f904e3f0"
  integrity sha512-fKElSyXhXIJ9pqiYRqisfirIo2Z5pTTve5K438URf08fsypXrEkVmShkSfM8GJ1aUyvjakT+fn2W7Czlpd/0FQ==

"@rollup/rollup-linux-arm64-musl@4.24.3":
  version "4.24.3"
  resolved "https://registry.yarnpkg.com/@rollup/rollup-linux-arm64-musl/-/rollup-linux-arm64-musl-4.24.3.tgz#9ffd7cd6c6c6670d8c039056d6a49ad9f1f66949"
  integrity sha512-YlddZSUk8G0px9/+V9PVilVDC6ydMz7WquxozToozSnfFK6wa6ne1ATUjUvjin09jp34p84milxlY5ikueoenw==

"@rollup/rollup-linux-powerpc64le-gnu@4.24.3":
  version "4.24.3"
  resolved "https://registry.yarnpkg.com/@rollup/rollup-linux-powerpc64le-gnu/-/rollup-linux-powerpc64le-gnu-4.24.3.tgz#4d32ce982e2d25e3b8116336ad5ce6e270b5a024"
  integrity sha512-yNaWw+GAO8JjVx3s3cMeG5Esz1cKVzz8PkTJSfYzE5u7A+NvGmbVFEHP+BikTIyYWuz0+DX9kaA3pH9Sqxp69g==

"@rollup/rollup-linux-riscv64-gnu@4.24.3":
  version "4.24.3"
  resolved "https://registry.yarnpkg.com/@rollup/rollup-linux-riscv64-gnu/-/rollup-linux-riscv64-gnu-4.24.3.tgz#f43d4e0572397e3d3acd82d77d79ce021dea3310"
  integrity sha512-lWKNQfsbpv14ZCtM/HkjCTm4oWTKTfxPmr7iPfp3AHSqyoTz5AgLemYkWLwOBWc+XxBbrU9SCokZP0WlBZM9lA==

"@rollup/rollup-linux-s390x-gnu@4.24.3":
  version "4.24.3"
  resolved "https://registry.yarnpkg.com/@rollup/rollup-linux-s390x-gnu/-/rollup-linux-s390x-gnu-4.24.3.tgz#264f8a4c206173945bdab2a676d638b7945106a9"
  integrity sha512-HoojGXTC2CgCcq0Woc/dn12wQUlkNyfH0I1ABK4Ni9YXyFQa86Fkt2Q0nqgLfbhkyfQ6003i3qQk9pLh/SpAYw==

"@rollup/rollup-linux-x64-gnu@4.24.3":
  version "4.24.3"
  resolved "https://registry.yarnpkg.com/@rollup/rollup-linux-x64-gnu/-/rollup-linux-x64-gnu-4.24.3.tgz#e86172a407b2edd41540ec2ae636e497fadccff6"
  integrity sha512-mnEOh4iE4USSccBOtcrjF5nj+5/zm6NcNhbSEfR3Ot0pxBwvEn5QVUXcuOwwPkapDtGZ6pT02xLoPaNv06w7KQ==

"@rollup/rollup-linux-x64-musl@4.24.3":
  version "4.24.3"
  resolved "https://registry.yarnpkg.com/@rollup/rollup-linux-x64-musl/-/rollup-linux-x64-musl-4.24.3.tgz#8ae9bf78986d1b16ccbc89ab6f2dfa96807d3178"
  integrity sha512-rMTzawBPimBQkG9NKpNHvquIUTQPzrnPxPbCY1Xt+mFkW7pshvyIS5kYgcf74goxXOQk0CP3EoOC1zcEezKXhw==

"@rollup/rollup-win32-arm64-msvc@4.24.3":
  version "4.24.3"
  resolved "https://registry.yarnpkg.com/@rollup/rollup-win32-arm64-msvc/-/rollup-win32-arm64-msvc-4.24.3.tgz#11d6a59f651a3c2a9e5eaab0a99367b77a29c319"
  integrity sha512-2lg1CE305xNvnH3SyiKwPVsTVLCg4TmNCF1z7PSHX2uZY2VbUpdkgAllVoISD7JO7zu+YynpWNSKAtOrX3AiuA==

"@rollup/rollup-win32-ia32-msvc@4.24.3":
  version "4.24.3"
  resolved "https://registry.yarnpkg.com/@rollup/rollup-win32-ia32-msvc/-/rollup-win32-ia32-msvc-4.24.3.tgz#7ff146e53dc6e388b60329b7ec3335501d2b0f98"
  integrity sha512-9SjYp1sPyxJsPWuhOCX6F4jUMXGbVVd5obVpoVEi8ClZqo52ViZewA6eFz85y8ezuOA+uJMP5A5zo6Oz4S5rVQ==

"@rollup/rollup-win32-x64-msvc@4.24.3":
  version "4.24.3"
  resolved "https://registry.yarnpkg.com/@rollup/rollup-win32-x64-msvc/-/rollup-win32-x64-msvc-4.24.3.tgz#7687335781efe6bee14d6ed8eff9746a9f24c9cd"
  integrity sha512-HGZgRFFYrMrP3TJlq58nR1xy8zHKId25vhmm5S9jETEfDf6xybPxsavFTJaufe2zgOGYJBskGlj49CwtEuFhWQ==

"@rsbuild/core@^1.0.19":
  version "1.0.19"
  resolved "https://registry.yarnpkg.com/@rsbuild/core/-/core-1.0.19.tgz#5641036d2d803645575cf4178d18eecb04056f95"
  integrity sha512-63DAPvYfRBoUrb51BUPb4Xoqx48MHQ0yLcmnCiqZGpMeKYtTWzD+lyx5va4cr9qvdnIFTAX2BMuYC/j5iSrtTA==
  dependencies:
    "@rspack/core" "~1.0.14"
    "@rspack/lite-tapable" "~1.0.1"
    "@swc/helpers" "^0.5.13"
    core-js "~3.38.1"
  optionalDependencies:
    fsevents "~2.3.3"

"@rsbuild/plugin-sass@^1.1.0":
  version "1.1.0"
  resolved "https://registry.yarnpkg.com/@rsbuild/plugin-sass/-/plugin-sass-1.1.0.tgz#562b843fe5b3d1d5b4828e28a5818a3c549c1034"
  integrity sha512-7vF1Bygb3R8xd1jHOv1AourxQ/751fkh9gi/WGABVFMde/OxEpw5hDiAY4Wo+zsxLXOEPHB9eUuv/5P7udwFkg==
  dependencies:
    deepmerge "^4.3.1"
    loader-utils "^2.0.4"
    postcss "^8.4.47"
    reduce-configs "^1.0.0"
    sass-embedded "^1.80.4"

"@rspack/binding-darwin-arm64@1.0.14":
  version "1.0.14"
  resolved "https://registry.yarnpkg.com/@rspack/binding-darwin-arm64/-/binding-darwin-arm64-1.0.14.tgz#b9d99fb71e047f5300a851614f89cb9d7168db3e"
  integrity sha512-dHvlF6T6ctThGDIdvkSdacroA1xlCxfteuppBj8BX/UxzLPr4xsaEtNilfJmFfd2/J02UQyTQauN/9EBuA+YkA==

"@rspack/binding-darwin-x64@1.0.14":
  version "1.0.14"
  resolved "https://registry.yarnpkg.com/@rspack/binding-darwin-x64/-/binding-darwin-x64-1.0.14.tgz#ddc40886f9a0321349e6be2e9469645ae87bbe36"
  integrity sha512-q4Da1Bn/4xTLhhnOkT+fjP2STsSCfp4z03/J/h8tCVG/UYz56Ud3q1UEOK33c5Fxw1C4GlhEh5yYOlSAdxFQLQ==

"@rspack/binding-linux-arm64-gnu@1.0.14":
  version "1.0.14"
  resolved "https://registry.yarnpkg.com/@rspack/binding-linux-arm64-gnu/-/binding-linux-arm64-gnu-1.0.14.tgz#2600e00adf5d1e09d7f0f476b3a01671e20731a7"
  integrity sha512-JogYtL3VQS9wJ3p3FNhDqinm7avrMsdwz4erP7YCjD7idob93GYAE7dPrHUzSNVnCBYXRaHJYZHDQs7lKVcYZw==

"@rspack/binding-linux-arm64-musl@1.0.14":
  version "1.0.14"
  resolved "https://registry.yarnpkg.com/@rspack/binding-linux-arm64-musl/-/binding-linux-arm64-musl-1.0.14.tgz#8c2624c1426ecc51c9bd4c74c8dcc8d7b0bdbc35"
  integrity sha512-qgybhxI/nnoa8CUz7zKTC0Oh37NZt9uRxsSV7+ZYrfxqbrVCoNVuutPpY724uUHy1M6W34kVEm1uT1N4Ka5cZg==

"@rspack/binding-linux-x64-gnu@1.0.14":
  version "1.0.14"
  resolved "https://registry.yarnpkg.com/@rspack/binding-linux-x64-gnu/-/binding-linux-x64-gnu-1.0.14.tgz#6636bf658304d246d617f01ae12f4cbe29097a62"
  integrity sha512-5vzaDRw3/sGKo3ax/1cU3/cxqNjajwlt2LU288vXNe1/n8oe/pcDfYcTugpOe/A1DqzadanudJszLpFcKsaFtQ==

"@rspack/binding-linux-x64-musl@1.0.14":
  version "1.0.14"
  resolved "https://registry.yarnpkg.com/@rspack/binding-linux-x64-musl/-/binding-linux-x64-musl-1.0.14.tgz#887c7f26876495f45842ebab874198db394dfd6f"
  integrity sha512-4U6QD9xVS1eGme52DuJr6Fg/KdcUfJ+iKwH49Up460dZ/fLvGylnVGA+V0mzPlKi8gfy7NwFuYXZdu3Pwi1YYg==

"@rspack/binding-win32-arm64-msvc@1.0.14":
  version "1.0.14"
  resolved "https://registry.yarnpkg.com/@rspack/binding-win32-arm64-msvc/-/binding-win32-arm64-msvc-1.0.14.tgz#cfde74d44a866ed42501d107349a56b7b0122042"
  integrity sha512-SjeYw7qqRHYZ5RPClu+ffKZsShQdU3amA1OwC3M0AS6dbfEcji8482St3Y8Z+QSzYRapCEZij9LMM/9ypEhISg==

"@rspack/binding-win32-ia32-msvc@1.0.14":
  version "1.0.14"
  resolved "https://registry.yarnpkg.com/@rspack/binding-win32-ia32-msvc/-/binding-win32-ia32-msvc-1.0.14.tgz#59532613cea22aa78928fb92b1a35347d780aaab"
  integrity sha512-m1gUiVyz3Z3VYIK/Ayo5CVHBjnEeRk9a+KIpKSsq1yhZItnMgjtr4bKabU9vjxalO4UoaSmVzODJI8lJBlnn5Q==

"@rspack/binding-win32-x64-msvc@1.0.14":
  version "1.0.14"
  resolved "https://registry.yarnpkg.com/@rspack/binding-win32-x64-msvc/-/binding-win32-x64-msvc-1.0.14.tgz#5bf023ba319dc748e54f8c23bcecab79703dc163"
  integrity sha512-Gbeg+bayMF9VP9xmlxySL/TC2XrS6/LZM/pqcNOTLHx6LMG/VXCcmKB0rOZo8MzLXEt8D/lQmQ/B6g7pSaAw0g==

"@rspack/binding@1.0.14":
  version "1.0.14"
  resolved "https://registry.yarnpkg.com/@rspack/binding/-/binding-1.0.14.tgz#60a04aca4369f7c4ca646e69cbeee75636a418ef"
  integrity sha512-0wWqFvr9hkF4LgNPgWfkTU0hhkZAMvOytoCs2p+wDX1Up1E/SgJ1U1JAsCxsl1XtUKm7mRvdWHzJmHbza3y89Q==
  optionalDependencies:
    "@rspack/binding-darwin-arm64" "1.0.14"
    "@rspack/binding-darwin-x64" "1.0.14"
    "@rspack/binding-linux-arm64-gnu" "1.0.14"
    "@rspack/binding-linux-arm64-musl" "1.0.14"
    "@rspack/binding-linux-x64-gnu" "1.0.14"
    "@rspack/binding-linux-x64-musl" "1.0.14"
    "@rspack/binding-win32-arm64-msvc" "1.0.14"
    "@rspack/binding-win32-ia32-msvc" "1.0.14"
    "@rspack/binding-win32-x64-msvc" "1.0.14"

"@rspack/core@~1.0.14":
  version "1.0.14"
  resolved "https://registry.yarnpkg.com/@rspack/core/-/core-1.0.14.tgz#7b7305391a488b5ac5dc28a82e9fb02b7ec3e8de"
  integrity sha512-xHl23lxJZNjItGc5YuE9alz3yjb56y7EgJmAcBMPHMqgjtUt8rBu4xd/cSUjbr9/lLF9N4hdyoJiPJOFs9LEjw==
  dependencies:
    "@module-federation/runtime-tools" "0.5.1"
    "@rspack/binding" "1.0.14"
    "@rspack/lite-tapable" "1.0.1"
    caniuse-lite "^1.0.30001616"

"@rspack/lite-tapable@1.0.1", "@rspack/lite-tapable@~1.0.1":
  version "1.0.1"
  resolved "https://registry.yarnpkg.com/@rspack/lite-tapable/-/lite-tapable-1.0.1.tgz#d4540a5d28bd6177164bc0ba0bee4bdec0458591"
  integrity sha512-VynGOEsVw2s8TAlLf/uESfrgfrq2+rcXB1muPJYBWbsm1Oa6r5qVQhjA5ggM6z/coYPrsVMgovl3Ff7Q7OCp1w==

"@swc/helpers@^0.5.13":
  version "0.5.13"
  resolved "https://registry.yarnpkg.com/@swc/helpers/-/helpers-0.5.13.tgz#33e63ff3cd0cade557672bd7888a39ce7d115a8c"
  integrity sha512-UoKGxQ3r5kYI9dALKJapMmuK+1zWM/H17Z1+iwnNmzcJRnfFuevZs375TA5rW31pu4BS4NoSy1fRsexDXfWn5w==
  dependencies:
    tslib "^2.4.0"

"@types/estree@1.0.6":
  version "1.0.6"
  resolved "https://registry.yarnpkg.com/@types/estree/-/estree-1.0.6.tgz#628effeeae2064a1b4e79f78e81d87b7e5fc7b50"
  integrity sha512-AYnb1nQyY49te+VRAVgmzfcgjYS91mY5P0TKUDCLEM+gNnA+3T6rWITXRLYCpahpqSQbN5cE+gHpnPyXjHWxcw==

"@vue/compiler-core@3.5.12":
  version "3.5.12"
  resolved "https://registry.yarnpkg.com/@vue/compiler-core/-/compiler-core-3.5.12.tgz#bd70b7dabd12b0b6f31bc53418ba3da77994c437"
  integrity sha512-ISyBTRMmMYagUxhcpyEH0hpXRd/KqDU4ymofPgl2XAkY9ZhQ+h0ovEZJIiPop13UmR/54oA2cgMDjgroRelaEw==
  dependencies:
    "@babel/parser" "^7.25.3"
    "@vue/shared" "3.5.12"
    entities "^4.5.0"
    estree-walker "^2.0.2"
    source-map-js "^1.2.0"

"@vue/compiler-dom@3.5.12":
  version "3.5.12"
  resolved "https://registry.yarnpkg.com/@vue/compiler-dom/-/compiler-dom-3.5.12.tgz#456d631d11102535b7ee6fd954cf2c93158d0354"
  integrity sha512-9G6PbJ03uwxLHKQ3P42cMTi85lDRvGLB2rSGOiQqtXELat6uI4n8cNz9yjfVHRPIu+MsK6TE418Giruvgptckg==
  dependencies:
    "@vue/compiler-core" "3.5.12"
    "@vue/shared" "3.5.12"

"@vue/compiler-sfc@3.5.12":
  version "3.5.12"
  resolved "https://registry.yarnpkg.com/@vue/compiler-sfc/-/compiler-sfc-3.5.12.tgz#6688120d905fcf22f7e44d3cb90f8dabc4dd3cc8"
  integrity sha512-2k973OGo2JuAa5+ZlekuQJtitI5CgLMOwgl94BzMCsKZCX/xiqzJYzapl4opFogKHqwJk34vfsaKpfEhd1k5nw==
  dependencies:
    "@babel/parser" "^7.25.3"
    "@vue/compiler-core" "3.5.12"
    "@vue/compiler-dom" "3.5.12"
    "@vue/compiler-ssr" "3.5.12"
    "@vue/shared" "3.5.12"
    estree-walker "^2.0.2"
    magic-string "^0.30.11"
    postcss "^8.4.47"
    source-map-js "^1.2.0"

"@vue/compiler-ssr@3.5.12":
  version "3.5.12"
  resolved "https://registry.yarnpkg.com/@vue/compiler-ssr/-/compiler-ssr-3.5.12.tgz#5f1a3fbd5c44b79a6dbe88729f7801d9c9218bde"
  integrity sha512-eLwc7v6bfGBSM7wZOGPmRavSWzNFF6+PdRhE+VFJhNCgHiF8AM7ccoqcv5kBXA2eWUfigD7byekvf/JsOfKvPA==
  dependencies:
    "@vue/compiler-dom" "3.5.12"
    "@vue/shared" "3.5.12"

"@vue/reactivity@3.5.12":
  version "3.5.12"
  resolved "https://registry.yarnpkg.com/@vue/reactivity/-/reactivity-3.5.12.tgz#a2815d91842ed7b9e7e7936c851923caf6b6e603"
  integrity sha512-UzaN3Da7xnJXdz4Okb/BGbAaomRHc3RdoWqTzlvd9+WBR5m3J39J1fGcHes7U3za0ruYn/iYy/a1euhMEHvTAg==
  dependencies:
    "@vue/shared" "3.5.12"

"@vue/runtime-core@3.5.12":
  version "3.5.12"
  resolved "https://registry.yarnpkg.com/@vue/runtime-core/-/runtime-core-3.5.12.tgz#849207f203d0fd82971f19574d30dbe7134c78c7"
  integrity sha512-hrMUYV6tpocr3TL3Ad8DqxOdpDe4zuQY4HPY3X/VRh+L2myQO8MFXPAMarIOSGNu0bFAjh1yBkMPXZBqCk62Uw==
  dependencies:
    "@vue/reactivity" "3.5.12"
    "@vue/shared" "3.5.12"

"@vue/runtime-dom@3.5.12":
  version "3.5.12"
  resolved "https://registry.yarnpkg.com/@vue/runtime-dom/-/runtime-dom-3.5.12.tgz#6d4de3df49a90a460b311b1100baa5e2d0d1c8c9"
  integrity sha512-q8VFxR9A2MRfBr6/55Q3umyoN7ya836FzRXajPB6/Vvuv0zOPL+qltd9rIMzG/DbRLAIlREmnLsplEF/kotXKA==
  dependencies:
    "@vue/reactivity" "3.5.12"
    "@vue/runtime-core" "3.5.12"
    "@vue/shared" "3.5.12"
    csstype "^3.1.3"

"@vue/server-renderer@3.5.12":
  version "3.5.12"
  resolved "https://registry.yarnpkg.com/@vue/server-renderer/-/server-renderer-3.5.12.tgz#79c6bc3860e4e4ef80d85653c5d03fd94b26574e"
  integrity sha512-I3QoeDDeEPZm8yR28JtY+rk880Oqmj43hreIBVTicisFTx/Dl7JpG72g/X7YF8hnQD3IFhkky5i2bPonwrTVPg==
  dependencies:
    "@vue/compiler-ssr" "3.5.12"
    "@vue/shared" "3.5.12"

"@vue/shared@3.5.12":
  version "3.5.12"
  resolved "https://registry.yarnpkg.com/@vue/shared/-/shared-3.5.12.tgz#f9e45b7f63f2c3f40d84237b1194b7f67de192e3"
  integrity sha512-L2RPSAwUFbgZH20etwrXyVyCBu9OxRSi8T/38QsvnkJyvq2LufW2lDCOzm7t/U9C1mkhJGWYfCuFBCmIuNivrg==

acorn@^8.8.2:
  version "8.14.0"
  resolved "https://registry.yarnpkg.com/acorn/-/acorn-8.14.0.tgz#063e2c70cac5fb4f6467f0b11152e04c682795b0"
  integrity sha512-cl669nCJTZBsL97OF4kUQm5g5hC2uihk0NxY3WENAC0TYdILVkAyHymAntgxGkl7K+t0cXIrH5siy5S4XkFycA==

big.js@^5.2.2:
  version "5.2.2"
  resolved "https://registry.yarnpkg.com/big.js/-/big.js-5.2.2.tgz#65f0af382f578bcdc742bd9c281e9cb2d7768328"
  integrity sha512-vyL2OymJxmarO8gxMr0mhChsO9QGwhynfuu4+MHTAW6czfq9humCB7rKpUjDd9YUiDPU4mzpyupFSvOClAwbmQ==

bootstrap@^5.3.3:
  version "5.3.3"
  resolved "https://registry.yarnpkg.com/bootstrap/-/bootstrap-5.3.3.tgz#de35e1a765c897ac940021900fcbb831602bac38"
  integrity sha512-8HLCdWgyoMguSO9o+aH+iuZ+aht+mzW0u3HIMzVu7Srrpv7EBBxTnrFlSCskwdY1+EOFQSm7uMJhNQHkdPcmjg==

browserslist@^4.23.1:
  version "4.24.2"
  resolved "https://registry.yarnpkg.com/browserslist/-/browserslist-4.24.2.tgz#f5845bc91069dbd55ee89faf9822e1d885d16580"
  integrity sha512-ZIc+Q62revdMcqC6aChtW4jz3My3klmCO1fEmINZY/8J3EpBg5/A/D0AKmBveUh6pgoeycoMkVMko84tuYS+Gg==
  dependencies:
    caniuse-lite "^1.0.30001669"
    electron-to-chromium "^1.5.41"
    node-releases "^2.0.18"
    update-browserslist-db "^1.1.1"

buffer-builder@^0.2.0:
  version "0.2.0"
  resolved "https://registry.yarnpkg.com/buffer-builder/-/buffer-builder-0.2.0.tgz#3322cd307d8296dab1f604618593b261a3fade8f"
  integrity sha512-7VPMEPuYznPSoR21NE1zvd2Xna6c/CloiZCfcMXR1Jny6PjX0N4Nsa38zcBFo/FMK+BlA+FLKbJCQ0i2yxp+Xg==

buffer-from@^1.0.0:
  version "1.1.2"
  resolved "https://registry.yarnpkg.com/buffer-from/-/buffer-from-1.1.2.tgz#2b146a6fd72e80b4f55d255f35ed59a3a9a41bd5"
  integrity sha512-E+XQCRwSbaaiChtv6k6Dwgc+bx+Bs6vuKJHHl5kox/BaKbhiXzqQOwK4cO22yElGp2OCmjwVhT3HmxgyPGnJfQ==

caniuse-lite@^1.0.30001616, caniuse-lite@^1.0.30001669:
  version "1.0.30001676"
  resolved "https://registry.yarnpkg.com/caniuse-lite/-/caniuse-lite-1.0.30001676.tgz#fe133d41fe74af8f7cc93b8a714c3e86a86e6f04"
  integrity sha512-Qz6zwGCiPghQXGJvgQAem79esjitvJ+CxSbSQkW9H/UX5hg8XM88d4lp2W+MEQ81j+Hip58Il+jGVdazk1z9cw==

colorjs.io@^0.5.0:
  version "0.5.2"
  resolved "https://registry.yarnpkg.com/colorjs.io/-/colorjs.io-0.5.2.tgz#63b20139b007591ebc3359932bef84628eb3fcef"
  integrity sha512-twmVoizEW7ylZSN32OgKdXRmo1qg+wT5/6C3xu5b9QsWzSFAhHLn2xd8ro0diCsKfCj1RdaTP/nrcW+vAoQPIw==

commander@^2.20.0:
  version "2.20.3"
  resolved "https://registry.yarnpkg.com/commander/-/commander-2.20.3.tgz#fd485e84c03eb4881c20722ba48035e8531aeb33"
  integrity sha512-GpVkmM8vF2vQUkj2LvZmD35JxeJOLCwJ9cUkugyk2nuhbv3+mJvpLYYt+0+USMxE+oj+ey/lJEnhZw75x/OMcQ==

commondir@^1.0.1:
  version "1.0.1"
  resolved "https://registry.yarnpkg.com/commondir/-/commondir-1.0.1.tgz#ddd800da0c66127393cca5950ea968a3aaf1253b"
  integrity sha512-W9pAhw0ja1Edb5GVdIF1mjZw/ASI0AlShXM83UUGe2DVr5TdAPEA1OA8m/g8zWp9x6On7gqufY+FatDbC3MDQg==

core-js@~3.38.1:
  version "3.38.1"
  resolved "https://registry.yarnpkg.com/core-js/-/core-js-3.38.1.tgz#aa375b79a286a670388a1a363363d53677c0383e"
  integrity sha512-OP35aUorbU3Zvlx7pjsFdu1rGNnD4pgw/CWoYzRY3t2EzoVT7shKHY1dlAy3f41cGIO7ZDPQimhGFTlEYkG/Hw==

csstype@^3.1.3:
  version "3.1.3"
  resolved "https://registry.yarnpkg.com/csstype/-/csstype-3.1.3.tgz#d80ff294d114fb0e6ac500fbf85b60137d7eff81"
  integrity sha512-M1uQkMl8rQK/szD0LNhtqxIPLpimGm8sOBwU7lLnCpSbTyY3yeU1Vc7l4KT5zT4s/yOxHH5O7tIuuLOCnLADRw==

deepmerge@^4.3.1:
  version "4.3.1"
  resolved "https://registry.yarnpkg.com/deepmerge/-/deepmerge-4.3.1.tgz#44b5f2147cd3b00d4b56137685966f26fd25dd4a"
  integrity sha512-3sUqbMEc77XqpdNO7FRyRog+eW3ph+GYCbj+rK+uYyRMuwsVy0rMiVtPn+QJlKFvWP/1PYpapqYn0Me2knFn+A==

electron-to-chromium@^1.5.41:
  version "1.5.50"
  resolved "https://registry.yarnpkg.com/electron-to-chromium/-/electron-to-chromium-1.5.50.tgz#d9ba818da7b2b5ef1f3dd32bce7046feb7e93234"
  integrity sha512-eMVObiUQ2LdgeO1F/ySTXsvqvxb6ZH2zPGaMYsWzRDdOddUa77tdmI0ltg+L16UpbWdhPmuF3wIQYyQq65WfZw==

emojis-list@^3.0.0:
  version "3.0.0"
  resolved "https://registry.yarnpkg.com/emojis-list/-/emojis-list-3.0.0.tgz#5570662046ad29e2e916e71aae260abdff4f6a78"
  integrity sha512-/kyM18EfinwXZbno9FyUGeFh87KC8HRQBQGildHZbEuRyWFOmv1U10o9BBp8XVZDVNNuQKyIGIu5ZYAAXJ0V2Q==

entities@^4.5.0:
  version "4.5.0"
  resolved "https://registry.yarnpkg.com/entities/-/entities-4.5.0.tgz#5d268ea5e7113ec74c4d033b79ea5a35a488fb48"
  integrity sha512-V0hjH4dGPh9Ao5p0MoRY6BVqtwCjhz6vI5LT8AJ55H+4g9/4vbHx1I54fS0XuclLhDHArPQCiMjDxjaL8fPxhw==

escalade@^3.2.0:
  version "3.2.0"
  resolved "https://registry.yarnpkg.com/escalade/-/escalade-3.2.0.tgz#011a3f69856ba189dffa7dc8fcce99d2a87903e5"
  integrity sha512-WUj2qlxaQtO4g6Pq5c29GTcWGDyd8itL8zTlipgECz3JesAiiOKotd8JU6otB3PACgG6xkJUyVhboMS+bje/jA==

estree-walker@^2.0.1, estree-walker@^2.0.2:
  version "2.0.2"
  resolved "https://registry.yarnpkg.com/estree-walker/-/estree-walker-2.0.2.tgz#52f010178c2a4c117a7757cfe942adb7d2da4cac"
  integrity sha512-Rfkk/Mp/DL7JVje3u18FxFujQlTNR2q6QfMSMB7AvCBx91NGj/ba3kCfza0f6dVDbw7YlRf/nDrn7pQrCCyQ/w==

find-cache-dir@^3.3.2:
  version "3.3.2"
  resolved "https://registry.yarnpkg.com/find-cache-dir/-/find-cache-dir-3.3.2.tgz#b30c5b6eff0730731aea9bbd9dbecbd80256d64b"
  integrity sha512-wXZV5emFEjrridIgED11OoUKLxiYjAcqot/NJdAkOhlJ+vGzwhOAfcG5OX1jP+S0PcjEn8bdMJv+g2jwQ3Onig==
  dependencies:
    commondir "^1.0.1"
    make-dir "^3.0.2"
    pkg-dir "^4.1.0"

find-up@^4.0.0:
  version "4.1.0"
  resolved "https://registry.yarnpkg.com/find-up/-/find-up-4.1.0.tgz#97afe7d6cdc0bc5928584b7c8d7b16e8a9aa5d19"
  integrity sha512-PpOwAdQ/YlXQ2vj8a3h8IipDuYRi3wceVQQGYWxNINccq40Anw7BlsEXCMbt1Zt+OLA6Fq9suIpIWD0OsnISlw==
  dependencies:
    locate-path "^5.0.0"
    path-exists "^4.0.0"

fs-extra@^10.0.0:
  version "10.1.0"
  resolved "https://registry.yarnpkg.com/fs-extra/-/fs-extra-10.1.0.tgz#02873cfbc4084dde127eaa5f9905eef2325d1abf"
  integrity sha512-oRXApq54ETRj4eMiFzGnHWGy+zo5raudjuxN0b8H7s/RU2oW0Wvsx9O0ACRN/kRq9E8Vu/ReskGB5o3ji+FzHQ==
  dependencies:
    graceful-fs "^4.2.0"
    jsonfile "^6.0.1"
    universalify "^2.0.0"

fsevents@~2.3.2, fsevents@~2.3.3:
  version "2.3.3"
  resolved "https://registry.yarnpkg.com/fsevents/-/fsevents-2.3.3.tgz#cac6407785d03675a2a5e1a5305c697b347d90d6"
  integrity sha512-5xoDfX+fL7faATnagmWPpbFtwh/R77WmMMqqHGS65C3vvB0YHrgF+B1YmZ3441tMj5n63k0212XNoJwzlhffQw==

graceful-fs@^4.1.6, graceful-fs@^4.2.0:
  version "4.2.11"
  resolved "https://registry.yarnpkg.com/graceful-fs/-/graceful-fs-4.2.11.tgz#4183e4e8bf08bb6e05bbb2f7d2e0c8f712ca40e3"
  integrity sha512-RbJ5/jmFcNNCcDV5o9eTnBLJ/HszWV0P73bc+Ff4nS/rJj+YaS6IGyiOL0VoBYX+l1Wrl3k63h/KrH+nhJ0XvQ==

has-flag@^4.0.0:
  version "4.0.0"
  resolved "https://registry.yarnpkg.com/has-flag/-/has-flag-4.0.0.tgz#944771fd9c81c81265c4d6941860da06bb59479b"
  integrity sha512-EykJT/Q1KjTWctppgIAgfSO0tKVuZUjhgMr17kqTumMl6Afv3EISleU7qZUzoXDFTAHTDC4NOoG/ZxU3EvlMPQ==

immutable@^4.0.0:
  version "4.3.7"
  resolved "https://registry.yarnpkg.com/immutable/-/immutable-4.3.7.tgz#c70145fc90d89fb02021e65c84eb0226e4e5a381"
  integrity sha512-1hqclzwYwjRDFLjcFxOM5AYkkG0rpFPpr1RLPMEuGczoS7YA8gLhy8SWXYRAA/XwfEHpfo3cw5JGioS32fnMRw==

json5@^2.1.2:
  version "2.2.3"
  resolved "https://registry.yarnpkg.com/json5/-/json5-2.2.3.tgz#78cd6f1a19bdc12b73db5ad0c61efd66c1e29283"
  integrity sha512-XmOWe7eyHYH14cLdVPoyg+GOH3rYX++KpzrylJwSW98t3Nk+U8XOl8FWKOgwtzdb8lXGf6zYwDUzeHMWfxasyg==

jsonfile@^6.0.1:
  version "6.1.0"
  resolved "https://registry.yarnpkg.com/jsonfile/-/jsonfile-6.1.0.tgz#bc55b2634793c679ec6403094eb13698a6ec0aae"
  integrity sha512-5dgndWOriYSm5cnYaJNhalLNDKOqFwyDB/rr1E9ZsGciGvKPs8R2xYGCacuf3z6K1YKDz182fd+fY3cn3pMqXQ==
  dependencies:
    universalify "^2.0.0"
  optionalDependencies:
    graceful-fs "^4.1.6"

loader-utils@^2.0.4:
  version "2.0.4"
  resolved "https://registry.yarnpkg.com/loader-utils/-/loader-utils-2.0.4.tgz#8b5cb38b5c34a9a018ee1fc0e6a066d1dfcc528c"
  integrity sha512-xXqpXoINfFhgua9xiqD8fPFHgkoq1mmmpE92WlDbm9rNRd/EbRb+Gqf908T2DMfuHjjJlksiK2RbHVOdD/MqSw==
  dependencies:
    big.js "^5.2.2"
    emojis-list "^3.0.0"
    json5 "^2.1.2"

locate-path@^5.0.0:
  version "5.0.0"
  resolved "https://registry.yarnpkg.com/locate-path/-/locate-path-5.0.0.tgz#1afba396afd676a6d42504d0a67a3a7eb9f62aa0"
  integrity sha512-t7hw9pI+WvuwNJXwk5zVHpyhIqzg2qTlklJOf0mVxGSbe3Fp2VieZcduNYjaLDoy6p9uGpQEGWG87WpMKlNq8g==
  dependencies:
    p-locate "^4.1.0"

magic-string@^0.30.11:
  version "0.30.12"
  resolved "https://registry.yarnpkg.com/magic-string/-/magic-string-0.30.12.tgz#9eb11c9d072b9bcb4940a5b2c2e1a217e4ee1a60"
  integrity sha512-Ea8I3sQMVXr8JhN4z+H/d8zwo+tYDgHE9+5G4Wnrwhs0gaK9fXTKx0Tw5Xwsd/bCPTTZNRAdpyzvoeORe9LYpw==
  dependencies:
    "@jridgewell/sourcemap-codec" "^1.5.0"

make-dir@^3.0.2:
  version "3.1.0"
  resolved "https://registry.yarnpkg.com/make-dir/-/make-dir-3.1.0.tgz#415e967046b3a7f1d185277d84aa58203726a13f"
  integrity sha512-g3FeP20LNwhALb/6Cz6Dd4F2ngze0jz7tbzrD2wAV+o9FeNHe4rL+yK2md0J/fiSf1sa1ADhXqi5+oVwOM/eGw==
  dependencies:
    semver "^6.0.0"

nanoid@^3.3.7:
  version "3.3.7"
  resolved "https://registry.yarnpkg.com/nanoid/-/nanoid-3.3.7.tgz#d0c301a691bc8d54efa0a2226ccf3fe2fd656bd8"
  integrity sha512-eSRppjcPIatRIMC1U6UngP8XFcz8MQWGQdt1MTBQ7NaAmvXDfvNxbvWV3x2y6CdEUciCSsDHDQZbhYaB8QEo2g==

node-releases@^2.0.18:
  version "2.0.18"
  resolved "https://registry.yarnpkg.com/node-releases/-/node-releases-2.0.18.tgz#f010e8d35e2fe8d6b2944f03f70213ecedc4ca3f"
  integrity sha512-d9VeXT4SJ7ZeOqGX6R5EM022wpL+eWPooLI+5UpWn2jCT1aosUQEhQP214x33Wkwx3JQMvIm+tIoVOdodFS40g==

p-limit@^2.2.0:
  version "2.3.0"
  resolved "https://registry.yarnpkg.com/p-limit/-/p-limit-2.3.0.tgz#3dd33c647a214fdfffd835933eb086da0dc21db1"
  integrity sha512-//88mFWSJx8lxCzwdAABTJL2MyWB12+eIY7MDL2SqLmAkeKU9qxRvWuSyTjm3FUmpBEMuFfckAIqEaVGUDxb6w==
  dependencies:
    p-try "^2.0.0"

p-locate@^4.1.0:
  version "4.1.0"
  resolved "https://registry.yarnpkg.com/p-locate/-/p-locate-4.1.0.tgz#a3428bb7088b3a60292f66919278b7c297ad4f07"
  integrity sha512-R79ZZ/0wAxKGu3oYMlz8jy/kbhsNrS7SKZ7PxEHBgJ5+F2mtFW2fK2cOtBh1cHYkQsbzFV7I+EoRKe6Yt0oK7A==
  dependencies:
    p-limit "^2.2.0"

p-try@^2.0.0:
  version "2.2.0"
  resolved "https://registry.yarnpkg.com/p-try/-/p-try-2.2.0.tgz#cb2868540e313d61de58fafbe35ce9004d5540e6"
  integrity sha512-R4nPAVTAU0B9D35/Gk3uJf/7XYbQcyohSKdvAxIRSNghFl4e71hVoGnBNQz9cWaXxO2I10KTC+3jMdvvoKw6dQ==

path-exists@^4.0.0:
  version "4.0.0"
  resolved "https://registry.yarnpkg.com/path-exists/-/path-exists-4.0.0.tgz#513bdbe2d3b95d7762e8c1137efa195c6c61b5b3"
  integrity sha512-ak9Qy5Q7jYb2Wwcey5Fpvg2KoAc/ZIhLSLOSBmRmygPsGwkVVt0fZa0qrtMz+m6tJTAHfZQ8FnmB4MG4LWy7/w==

picocolors@^1.1.0:
  version "1.1.1"
  resolved "https://registry.yarnpkg.com/picocolors/-/picocolors-1.1.1.tgz#3d321af3eab939b083c8f929a1d12cda81c26b6b"
  integrity sha512-xceH2snhtb5M9liqDsmEw56le376mTZkEX/jEb/RxNFyegNul7eNslCXP9FDj/Lcu0X8KEyMceP2ntpaHrDEVA==

picomatch@^2.2.2:
  version "2.3.1"
  resolved "https://registry.yarnpkg.com/picomatch/-/picomatch-2.3.1.tgz#3ba3833733646d9d3e4995946c1365a67fb07a42"
  integrity sha512-JU3teHTNjmE2VCGFzuY8EXzCDVwEqB2a8fsIvwaStHhAWJEeVd1o1QD80CU6+ZdEXXSLbSsuLwJjkCBWqRQUVA==

pkg-dir@^4.1.0:
  version "4.2.0"
  resolved "https://registry.yarnpkg.com/pkg-dir/-/pkg-dir-4.2.0.tgz#f099133df7ede422e81d1d8448270eeb3e4261f3"
  integrity sha512-HRDzbaKjC+AOWVXxAU/x54COGeIv9eb+6CkDSQoNTt4XyWoIJvuPsXizxu/Fr23EiekbtZwmh1IcIG/l/a10GQ==
  dependencies:
    find-up "^4.0.0"

postcss@^8.4.47:
  version "8.4.47"
  resolved "https://registry.yarnpkg.com/postcss/-/postcss-8.4.47.tgz#5bf6c9a010f3e724c503bf03ef7947dcb0fea365"
  integrity sha512-56rxCq7G/XfB4EkXq9Egn5GCqugWvDFjafDOThIdMBsI15iqPqR5r15TfSr1YPYeEI19YeaXMCbY6u88Y76GLQ==
  dependencies:
    nanoid "^3.3.7"
    picocolors "^1.1.0"
    source-map-js "^1.2.1"

randombytes@^2.1.0:
  version "2.1.0"
  resolved "https://registry.yarnpkg.com/randombytes/-/randombytes-2.1.0.tgz#df6f84372f0270dc65cdf6291349ab7a473d4f2a"
  integrity sha512-vYl3iOX+4CKUWuxGi9Ukhie6fsqXqS9FE2Zaic4tNFD2N2QQaXOMFbuKK4QmDHC0JO6B1Zp41J0LpT0oR68amQ==
  dependencies:
    safe-buffer "^5.1.0"

reduce-configs@^1.0.0:
  version "1.0.0"
  resolved "https://registry.yarnpkg.com/reduce-configs/-/reduce-configs-1.0.0.tgz#8686ed87104ed32d22051dcd652d0f4db876b429"
  integrity sha512-/JCYSgL/QeXXsq0Lv/7kOZfqvof7vyzHWfyNQPt3c6vc73mU4WRyT8RJ6ZH5Ci08vUOqXwk7jkZy6BycHTDD9w==
  dependencies:
    browserslist "^4.23.1"

rollup-plugin-typescript2@^0.36.0:
  version "0.36.0"
  resolved "https://registry.yarnpkg.com/rollup-plugin-typescript2/-/rollup-plugin-typescript2-0.36.0.tgz#309564eb70d710412f5901344ca92045e180ed53"
  integrity sha512-NB2CSQDxSe9+Oe2ahZbf+B4bh7pHwjV5L+RSYpCu7Q5ROuN94F9b6ioWwKfz3ueL3KTtmX4o2MUH2cgHDIEUsw==
  dependencies:
    "@rollup/pluginutils" "^4.1.2"
    find-cache-dir "^3.3.2"
    fs-extra "^10.0.0"
    semver "^7.5.4"
    tslib "^2.6.2"

rollup@^4.24.3:
  version "4.24.3"
  resolved "https://registry.yarnpkg.com/rollup/-/rollup-4.24.3.tgz#8b259063740af60b0030315f88665ba2041789b8"
  integrity sha512-HBW896xR5HGmoksbi3JBDtmVzWiPAYqp7wip50hjQ67JbDz61nyoMPdqu1DvVW9asYb2M65Z20ZHsyJCMqMyDg==
  dependencies:
    "@types/estree" "1.0.6"
  optionalDependencies:
    "@rollup/rollup-android-arm-eabi" "4.24.3"
    "@rollup/rollup-android-arm64" "4.24.3"
    "@rollup/rollup-darwin-arm64" "4.24.3"
    "@rollup/rollup-darwin-x64" "4.24.3"
    "@rollup/rollup-freebsd-arm64" "4.24.3"
    "@rollup/rollup-freebsd-x64" "4.24.3"
    "@rollup/rollup-linux-arm-gnueabihf" "4.24.3"
    "@rollup/rollup-linux-arm-musleabihf" "4.24.3"
    "@rollup/rollup-linux-arm64-gnu" "4.24.3"
    "@rollup/rollup-linux-arm64-musl" "4.24.3"
    "@rollup/rollup-linux-powerpc64le-gnu" "4.24.3"
    "@rollup/rollup-linux-riscv64-gnu" "4.24.3"
    "@rollup/rollup-linux-s390x-gnu" "4.24.3"
    "@rollup/rollup-linux-x64-gnu" "4.24.3"
    "@rollup/rollup-linux-x64-musl" "4.24.3"
    "@rollup/rollup-win32-arm64-msvc" "4.24.3"
    "@rollup/rollup-win32-ia32-msvc" "4.24.3"
    "@rollup/rollup-win32-x64-msvc" "4.24.3"
    fsevents "~2.3.2"

rxjs@^7.4.0:
  version "7.8.1"
  resolved "https://registry.yarnpkg.com/rxjs/-/rxjs-7.8.1.tgz#6f6f3d99ea8044291efd92e7c7fcf562c4057543"
  integrity sha512-AA3TVj+0A2iuIoQkWEK/tqFjBq2j+6PO6Y0zJcvzLAFhEFIO3HL0vls9hWLncZbAAbK0mar7oZ4V079I/qPMxg==
  dependencies:
    tslib "^2.1.0"

safe-buffer@^5.1.0:
  version "5.2.1"
  resolved "https://registry.yarnpkg.com/safe-buffer/-/safe-buffer-5.2.1.tgz#1eaf9fa9bdb1fdd4ec75f58f9cdb4e6b7827eec6"
  integrity sha512-rp3So07KcdmmKbGvgaNxQSJr7bGVSVk5S9Eq1F+ppbRo70+YeaDxkw5Dd8NPN+GD6bjnYm2VuPuCXmpuYvmCXQ==

sass-embedded-android-arm64@1.80.6:
  version "1.80.6"
  resolved "https://registry.yarnpkg.com/sass-embedded-android-arm64/-/sass-embedded-android-arm64-1.80.6.tgz#748df1f7deabea3a81c2c647661d9696090e1b81"
  integrity sha512-4rC4ZGM/k4ENVjLXnK3JTst8e8FI9MHSol2Fl7dCdYyJ3KLnlt4qL4AEYfU8zq1tcBb7CBOSZVR+CzCKubnXdg==

sass-embedded-android-arm@1.80.6:
  version "1.80.6"
  resolved "https://registry.yarnpkg.com/sass-embedded-android-arm/-/sass-embedded-android-arm-1.80.6.tgz#1fa2e08e5b2a77709f6e8cb8186c801ee140c0a9"
  integrity sha512-UeUKMTRsnz4/dh7IzvhjONxa4/jmVp539CHDd8VZOsqg9M3HcNJNIkUzQWbuwZ+nSlWrTuo7Tvn3XlypopCBzw==

sass-embedded-android-ia32@1.80.6:
  version "1.80.6"
  resolved "https://registry.yarnpkg.com/sass-embedded-android-ia32/-/sass-embedded-android-ia32-1.80.6.tgz#43674c98454a3adb5da3cca0ba23340128bfbdff"
  integrity sha512-Lxz2SXE2KdHnynuHF+D6flDvrd55/zaEAWUeka9MxEr6FmR66d8UBOIy5ETwCSUd//S/SE5Jl6oTnHppgD1zNA==

sass-embedded-android-riscv64@1.80.6:
  version "1.80.6"
  resolved "https://registry.yarnpkg.com/sass-embedded-android-riscv64/-/sass-embedded-android-riscv64-1.80.6.tgz#59c9d53b1c800b53221d56cf55d9cf84b4418bac"
  integrity sha512-hKdxY/oOqB+JJhSoBTDM5DJO1j/xtxQgayh2cLCCUx37IQQe3SEdc3V2JFf/4mIo5peaS4cjqwwSATF+l2zaXg==

sass-embedded-android-x64@1.80.6:
  version "1.80.6"
  resolved "https://registry.yarnpkg.com/sass-embedded-android-x64/-/sass-embedded-android-x64-1.80.6.tgz#a06a9f55f904c3ba628a3ae03c244f134f4f2bb1"
  integrity sha512-Eap2Fi3kTx/rVLBsOnOp5RYPr5+lFjTZ652zR24dmYFe9/sDgasakJIOPjOvD2bRuL9z0uWEY1AXVeeOPeZKrg==

sass-embedded-darwin-arm64@1.80.6:
  version "1.80.6"
  resolved "https://registry.yarnpkg.com/sass-embedded-darwin-arm64/-/sass-embedded-darwin-arm64-1.80.6.tgz#81a7019c92a8c8f76f7f98dfe15f6adfaf621e92"
  integrity sha512-0mnAx8Vq6Gxj3PQt3imgITfK33hhqrSKpyHSuab71gZZni5opsdtoggq2JawW+1taRFTEZwbZJLKZ0MBDbwCCA==

sass-embedded-darwin-x64@1.80.6:
  version "1.80.6"
  resolved "https://registry.yarnpkg.com/sass-embedded-darwin-x64/-/sass-embedded-darwin-x64-1.80.6.tgz#d1b551443930658bfa4cc92ca026d4b22023ce9d"
  integrity sha512-Ib20yNZFOrJ7YVT+ltoe+JQNKPcRclM3iLAK69XZZYcSeFM/72SCoQBAaVGIpT23dxDp7FXiE4lO602c3xTRwQ==

sass-embedded-linux-arm64@1.80.6:
  version "1.80.6"
  resolved "https://registry.yarnpkg.com/sass-embedded-linux-arm64/-/sass-embedded-linux-arm64-1.80.6.tgz#fe6255bbbe55590fb6405f098431b3841221a1b0"
  integrity sha512-n5r98pBXawrQQKaxIYCMM1zDpnngsqxTkOrmvsYLFiAMCSbR0lWf/7sBB33k/Pm0D6dsbp3jpHilCoQNKI3jIw==

sass-embedded-linux-arm@1.80.6:
  version "1.80.6"
  resolved "https://registry.yarnpkg.com/sass-embedded-linux-arm/-/sass-embedded-linux-arm-1.80.6.tgz#a6603b1ec087762a1128e836fd36851050b537b4"
  integrity sha512-QR0Q6TZox/ThuU2r9c0s3fKCgU2rXAEocpitdgxFp6tta+GsQlMFV3oON2unAa8Bwnuxkmf0YOaK0Oy/TwzkXw==

sass-embedded-linux-ia32@1.80.6:
  version "1.80.6"
  resolved "https://registry.yarnpkg.com/sass-embedded-linux-ia32/-/sass-embedded-linux-ia32-1.80.6.tgz#bedb53348f7e384ceabc9e0158b086045779af07"
  integrity sha512-O6dWZdcOkryRdDCxVMGOeVowgblpDgVcAuRtZ1F1X7XfbpDriTQm64D+9vVZIrywYSPoJfQMJJ662cr0wUs9IQ==

sass-embedded-linux-musl-arm64@1.80.6:
  version "1.80.6"
  resolved "https://registry.yarnpkg.com/sass-embedded-linux-musl-arm64/-/sass-embedded-linux-musl-arm64-1.80.6.tgz#0f0e0bb68c90f0ae920d9a06760241f3f58c7a76"
  integrity sha512-VeUSHUi3MAsvOlg9QI4X/2j04h1659aE+7qKP/282CYBTrGkjFGSXZhIki9WKWDgIpDiSInRYXfQQRWhPhjCDg==

sass-embedded-linux-musl-arm@1.80.6:
  version "1.80.6"
  resolved "https://registry.yarnpkg.com/sass-embedded-linux-musl-arm/-/sass-embedded-linux-musl-arm-1.80.6.tgz#41039f857684ee3470ec9e0d310add5f6f1b694d"
  integrity sha512-X9FC8s8fvQGRiXc+eATlZ57N44Iq3nNa0M0ugi3ysdJwkaNYvOeS4QzBHKQAaw3QiTqdxTnLUHHVBkyzdCi9pw==

sass-embedded-linux-musl-ia32@1.80.6:
  version "1.80.6"
  resolved "https://registry.yarnpkg.com/sass-embedded-linux-musl-ia32/-/sass-embedded-linux-musl-ia32-1.80.6.tgz#8ff88c78ba3503a19d59c5b8fa172fdea00a67f8"
  integrity sha512-GqitS2Nab8ah0+wfCqaxW1hnI1piC08FimL6+lM9YWK5DbCOOF82IapbvJOy0feUmd/wNnHmyNTgE9h0zVMFdQ==

sass-embedded-linux-musl-riscv64@1.80.6:
  version "1.80.6"
  resolved "https://registry.yarnpkg.com/sass-embedded-linux-musl-riscv64/-/sass-embedded-linux-musl-riscv64-1.80.6.tgz#aaa086a6ce9718d0fd7cbe584c0f2bf81bef3122"
  integrity sha512-ySs15z7QSRRQK/aByEEqaJLYW/sTpfynefNPZCtsVNVEzNRwy+DRpxNChtxo+QjKq97ocXETbdG5KLik7QOTJg==

sass-embedded-linux-musl-x64@1.80.6:
  version "1.80.6"
  resolved "https://registry.yarnpkg.com/sass-embedded-linux-musl-x64/-/sass-embedded-linux-musl-x64-1.80.6.tgz#ea0bb093837be3b6f473b9a1b5d09c4633f8e504"
  integrity sha512-DzeNqU/SN0mWFznoOH4RtVGcrg3Eoa41pUQhKMtrhNbCmIE1zNDunUiAEVTNpdHJF4nxf7ELUPXWmStM31CbUQ==

sass-embedded-linux-riscv64@1.80.6:
  version "1.80.6"
  resolved "https://registry.yarnpkg.com/sass-embedded-linux-riscv64/-/sass-embedded-linux-riscv64-1.80.6.tgz#bc19c15796a3b3a3d67ea626058b3bab48344b1d"
  integrity sha512-AyoHJ3icV9xuJjq1YzJqpEj2XfiC/KBkVYTUrCELKiXP0DN1gi/BpUwZNCAgCM3CyEdMef4LQM/ztCYJxYzdyg==

sass-embedded-linux-x64@1.80.6:
  version "1.80.6"
  resolved "https://registry.yarnpkg.com/sass-embedded-linux-x64/-/sass-embedded-linux-x64-1.80.6.tgz#db076fdf0bc3c1382c8f73c8d396293b893b31ef"
  integrity sha512-EohsE9CEqx0ycylnsEj/0DNPG99Tb0qAVZspiAs5xHFCJjXOFfp3cRQu0BRf+lZ1b72IhPFXymzVtojvzUHb7g==

sass-embedded-win32-arm64@1.80.6:
  version "1.80.6"
  resolved "https://registry.yarnpkg.com/sass-embedded-win32-arm64/-/sass-embedded-win32-arm64-1.80.6.tgz#e889c421b0b31e1297414dd89448385fe443d5e2"
  integrity sha512-29wETQi1ykeVvpd4zMVokpQKFSOZskGJzZawuuNCdo7BHjHKIRDsqbz8YT1CewHPBshI0hfD21fenmjxYjGXPQ==

sass-embedded-win32-ia32@1.80.6:
  version "1.80.6"
  resolved "https://registry.yarnpkg.com/sass-embedded-win32-ia32/-/sass-embedded-win32-ia32-1.80.6.tgz#0934f3598e4fbe701b5e4e4d2a1fa6ef952f7024"
  integrity sha512-1s3OpK2iTIfIL/a91QhAQnffsbuWfnsM8Lx4Fxt0f7ErnxjCV6q8MUFTV/UhcLtLyTFnPCA62DLjp2KGCjMI9A==

sass-embedded-win32-x64@1.80.6:
  version "1.80.6"
  resolved "https://registry.yarnpkg.com/sass-embedded-win32-x64/-/sass-embedded-win32-x64-1.80.6.tgz#b7357b399c12cbb80dab2bee6f541b88a6015d76"
  integrity sha512-0pH4Zr9silHkcmLPC0ghnD3DI0vMsjA7dKvGR32/RbbjOSvHV5cDQRLiuVJAPp34dfMA7kJd1ysSchRdH0igAQ==

sass-embedded@^1.80.4:
  version "1.80.6"
  resolved "https://registry.yarnpkg.com/sass-embedded/-/sass-embedded-1.80.6.tgz#efd66c12c7f117c2dcb558e8bf6bd00cc5cd49b2"
  integrity sha512-Og4aqBnaA3oJfIpHaLuNATAqzBRgUJDYJy2X15V59cot2wYOtiT/ciPnyuq1o7vpDEeOkHhEd+mSviSlXoETug==
  dependencies:
    "@bufbuild/protobuf" "^2.0.0"
    buffer-builder "^0.2.0"
    colorjs.io "^0.5.0"
    immutable "^4.0.0"
    rxjs "^7.4.0"
    supports-color "^8.1.1"
    varint "^6.0.0"
  optionalDependencies:
    sass-embedded-android-arm "1.80.6"
    sass-embedded-android-arm64 "1.80.6"
    sass-embedded-android-ia32 "1.80.6"
    sass-embedded-android-riscv64 "1.80.6"
    sass-embedded-android-x64 "1.80.6"
    sass-embedded-darwin-arm64 "1.80.6"
    sass-embedded-darwin-x64 "1.80.6"
    sass-embedded-linux-arm "1.80.6"
    sass-embedded-linux-arm64 "1.80.6"
    sass-embedded-linux-ia32 "1.80.6"
    sass-embedded-linux-musl-arm "1.80.6"
    sass-embedded-linux-musl-arm64 "1.80.6"
    sass-embedded-linux-musl-ia32 "1.80.6"
    sass-embedded-linux-musl-riscv64 "1.80.6"
    sass-embedded-linux-musl-x64 "1.80.6"
    sass-embedded-linux-riscv64 "1.80.6"
    sass-embedded-linux-x64 "1.80.6"
    sass-embedded-win32-arm64 "1.80.6"
    sass-embedded-win32-ia32 "1.80.6"
    sass-embedded-win32-x64 "1.80.6"

semver@^6.0.0:
  version "6.3.1"
  resolved "https://registry.yarnpkg.com/semver/-/semver-6.3.1.tgz#556d2ef8689146e46dcea4bfdd095f3434dffcb4"
  integrity sha512-BR7VvDCVHO+q2xBEWskxS6DJE1qRnb7DxzUrogb71CWoSficBxYsiAGd+Kl0mmq/MprG9yArRkyrQxTO6XjMzA==

semver@^7.5.4:
  version "7.6.3"
  resolved "https://registry.yarnpkg.com/semver/-/semver-7.6.3.tgz#980f7b5550bc175fb4dc09403085627f9eb33143"
  integrity sha512-oVekP1cKtI+CTDvHWYFUcMtsK/00wmAEfyqKfNdARm8u1wNVhSgaX7A8d4UuIlUI5e84iEwOhs7ZPYRmzU9U6A==

serialize-javascript@^6.0.1:
  version "6.0.2"
  resolved "https://registry.yarnpkg.com/serialize-javascript/-/serialize-javascript-6.0.2.tgz#defa1e055c83bf6d59ea805d8da862254eb6a6c2"
  integrity sha512-Saa1xPByTTq2gdeFZYLLo+RFE35NHZkAbqZeWNd3BpzppeVisAqpDjcp8dyf6uIvEqJRd46jemmyA4iFIeVk8g==
  dependencies:
    randombytes "^2.1.0"

smob@^1.0.0:
  version "1.5.0"
  resolved "https://registry.yarnpkg.com/smob/-/smob-1.5.0.tgz#85d79a1403abf128d24d3ebc1cdc5e1a9548d3ab"
  integrity sha512-g6T+p7QO8npa+/hNx9ohv1E5pVCmWrVCUzUXJyLdMmftX6ER0oiWY/w9knEonLpnOp6b6FenKnMfR8gqwWdwig==

source-map-js@^1.2.0, source-map-js@^1.2.1:
  version "1.2.1"
  resolved "https://registry.yarnpkg.com/source-map-js/-/source-map-js-1.2.1.tgz#1ce5650fddd87abc099eda37dcff024c2667ae46"
  integrity sha512-UXWMKhLOwVKb728IUtQPXxfYU+usdybtUrK/8uGE8CQMvrhOpwvzDBwj0QhSL7MQc7vIsISBG8VQ8+IDQxpfQA==

source-map-support@~0.5.20:
  version "0.5.21"
  resolved "https://registry.yarnpkg.com/source-map-support/-/source-map-support-0.5.21.tgz#04fe7c7f9e1ed2d662233c28cb2b35b9f63f6e4f"
  integrity sha512-uBHU3L3czsIyYXKX88fdrGovxdSCoTGDRZ6SYXtSRxLZUzHg5P/66Ht6uoUlHu9EZod+inXhKo3qQgwXUT/y1w==
  dependencies:
    buffer-from "^1.0.0"
    source-map "^0.6.0"

source-map@^0.6.0:
  version "0.6.1"
  resolved "https://registry.yarnpkg.com/source-map/-/source-map-0.6.1.tgz#74722af32e9614e9c287a8d0bbde48b5e2f1a263"
  integrity sha512-UjgapumWlbMhkBgzT7Ykc5YXUT46F0iKu8SGXq0bcwP5dz/h0Plj6enJqjz1Zbq2l5WaqYnrVbwWOWMyF3F47g==

supports-color@^8.1.1:
  version "8.1.1"
  resolved "https://registry.yarnpkg.com/supports-color/-/supports-color-8.1.1.tgz#cd6fc17e28500cff56c1b86c0a7fd4a54a73005c"
  integrity sha512-MpUEN2OodtUzxvKQl72cUF7RQ5EiHsGvSsVG0ia9c5RbWGL2CI4C7EpPS8UTBIplnlzZiNuV56w+FuNxy3ty2Q==
  dependencies:
    has-flag "^4.0.0"

terser@^5.17.4:
  version "5.36.0"
  resolved "https://registry.yarnpkg.com/terser/-/terser-5.36.0.tgz#8b0dbed459ac40ff7b4c9fd5a3a2029de105180e"
  integrity sha512-IYV9eNMuFAV4THUspIRXkLakHnV6XO7FEdtKjf/mDyrnqUg9LnlOn6/RwRvM9SZjR4GUq8Nk8zj67FzVARr74w==
  dependencies:
    "@jridgewell/source-map" "^0.3.3"
    acorn "^8.8.2"
    commander "^2.20.0"
    source-map-support "~0.5.20"

tslib@^2.1.0, tslib@^2.4.0, tslib@^2.6.2:
  version "2.8.1"
  resolved "https://registry.yarnpkg.com/tslib/-/tslib-2.8.1.tgz#612efe4ed235d567e8aba5f2a5fab70280ade83f"
  integrity sha512-oJFu94HQb+KVduSUQL7wnpmqnfmLsOA/nAh6b6EH0wCEoK0/mPeXU6c3wKDV83MkOuHPRHtSXKKU99IBazS/2w==

typescript@^5.6.3:
  version "5.6.3"
  resolved "https://registry.yarnpkg.com/typescript/-/typescript-5.6.3.tgz#5f3449e31c9d94febb17de03cc081dd56d81db5b"
  integrity sha512-hjcS1mhfuyi4WW8IWtjP7brDrG2cuDZukyrYrSauoXGNgx0S7zceP07adYkJycEr56BOUTNPzbInooiN3fn1qw==

universalify@^2.0.0:
  version "2.0.1"
  resolved "https://registry.yarnpkg.com/universalify/-/universalify-2.0.1.tgz#168efc2180964e6386d061e094df61afe239b18d"
  integrity sha512-gptHNQghINnc/vTGIk0SOFGFNXw7JVrlRUtConJRlvaw6DuX0wO5Jeko9sWrMBhh+PsYAZ7oXAiOnf/UKogyiw==

update-browserslist-db@^1.1.1:
  version "1.1.1"
  resolved "https://registry.yarnpkg.com/update-browserslist-db/-/update-browserslist-db-1.1.1.tgz#80846fba1d79e82547fb661f8d141e0945755fe5"
  integrity sha512-R8UzCaa9Az+38REPiJ1tXlImTJXlVfgHZsglwBD/k6nj76ctsH1E3q4doGrukiLQd3sGQYu56r5+lo5r94l29A==
  dependencies:
    escalade "^3.2.0"
    picocolors "^1.1.0"

varint@^6.0.0:
  version "6.0.0"
  resolved "https://registry.yarnpkg.com/varint/-/varint-6.0.0.tgz#9881eb0ce8feaea6512439d19ddf84bf551661d0"
  integrity sha512-cXEIW6cfr15lFv563k4GuVuW/fiwjknytD37jIOLSdSWuOI6WnO/oKwmP2FQTU2l01LP8/M5TSAJpzUaGe3uWg==

vue@^3.5.12:
  version "3.5.12"
  resolved "https://registry.yarnpkg.com/vue/-/vue-3.5.12.tgz#e08421c601b3617ea2c9ef0413afcc747130b36c"
  integrity sha512-CLVZtXtn2ItBIi/zHZ0Sg1Xkb7+PU32bJJ8Bmy7ts3jxXTcbfsEfBivFYYWz1Hur+lalqGAh65Coin0r+HRUfg==
  dependencies:
    "@vue/compiler-dom" "3.5.12"
    "@vue/compiler-sfc" "3.5.12"
    "@vue/runtime-dom" "3.5.12"
    "@vue/server-renderer" "3.5.12"
    "@vue/shared" "3.5.12"
